
Microsoft Visual Studio Solution File, Format Version 11.00
# Visual Studio 2010
Project("{FAE04EC0-301F-11D3-BF4B-00C04F79EFBC}") = "Builder", "Builder.csproj", "{6E7EF5B9-7A73-4E42-A24F-D68EC5E8507F}"
EndProject
Global
	GlobalSection(SolutionConfigurationPlatforms) = preSolution
		Debug|Any CPU = Debug|Any CPU
		Release|Any CPU = Release|Any CPU
	EndGlobalSection
	GlobalSection(ProjectConfigurationPlatforms) = postSolution
		{6E7EF5B9-7A73-4E42-A24F-D68EC5E8507F}.Debug|Any CPU.ActiveCfg = Debug|Any CPU
		{6E7EF5B9-7A73-4E42-A24F-D68EC5E8507F}.Debug|Any CPU.Build.0 = Debug|Any CPU
		{6E7EF5B9-7A73-4E42-A24F-D68EC5E8507F}.Release|Any CPU.ActiveCfg = Release|Any CPU
		{6E7EF5B9-7A73-4E42-A24F-D68EC5E8507F}.Release|Any CPU.Build.0 = Release|Any CPU
	EndGlobalSection
	GlobalSection(SolutionProperties) = preSolution
		HideSolutionNode = FALSE
	EndGlobalSection
EndGlobal
